// !$*UTF8*$!
{
	archiveVersion = 1;
	classes = {
	};
	objectVersion = 56;
	objects = {

/* Begin PBXBuildFile section */
		E41B0C9B28F97721000935B5 /* AppDelegate.swift in Sources */ = {isa = PBXBuildFile; fileRef = E41B0C9A28F97721000935B5 /* AppDelegate.swift */; };
		E41B0C9D28F97721000935B5 /* SceneDelegate.swift in Sources */ = {isa = PBXBuildFile; fileRef = E41B0C9C28F97721000935B5 /* SceneDelegate.swift */; };
		E41B0C9F28F97721000935B5 /* ViewController.swift in Sources */ = {isa = PBXBuildFile; fileRef = E41B0C9E28F97721000935B5 /* ViewController.swift */; };
		E41B0CA228F97721000935B5 /* Main.storyboard in Resources */ = {isa = PBXBuildFile; fileRef = E41B0CA028F97721000935B5 /* Main.storyboard */; };
		E41B0CA428F97722000935B5 /* Assets.xcassets in Resources */ = {isa = PBXBuildFile; fileRef = E41B0CA328F97722000935B5 /* Assets.xcassets */; };
		E41B0CA728F97722000935B5 /* LaunchScreen.storyboard in Resources */ = {isa = PBXBuildFile; fileRef = E41B0CA528F97722000935B5 /* LaunchScreen.storyboard */; };
		E41B0CB228F97722000935B5 /* StockWatchTests.swift in Sources */ = {isa = PBXBuildFile; fileRef = E41B0CB128F97722000935B5 /* StockWatchTests.swift */; };
		E41B0CBC28F97722000935B5 /* StockWatchUITests.swift in Sources */ = {isa = PBXBuildFile; fileRef = E41B0CBB28F97722000935B5 /* StockWatchUITests.swift */; };
		E41B0CBE28F97722000935B5 /* StockWatchUITestsLaunchTests.swift in Sources */ = {isa = PBXBuildFile; fileRef = E41B0CBD28F97722000935B5 /* StockWatchUITestsLaunchTests.swift */; };
/* End PBXBuildFile section */

/* Begin PBXContainerItemProxy section */
		E41B0CAE28F97722000935B5 /* PBXContainerItemProxy */ = {
			isa = PBXContainerItemProxy;
			containerPortal = E41B0C8F28F97721000935B5 /* Project object */;
			proxyType = 1;
			remoteGlobalIDString = E41B0C9628F97721000935B5;
			remoteInfo = StockWatch;
		};
		E41B0CB828F97722000935B5 /* PBXContainerItemProxy */ = {
			isa = PBXContainerItemProxy;
			containerPortal = E41B0C8F28F97721000935B5 /* Project object */;
			proxyType = 1;
			remoteGlobalIDString = E41B0C9628F97721000935B5;
			remoteInfo = StockWatch;
		};
/* End PBXContainerItemProxy section */

/* Begin PBXFileReference section */
		E41B0C9728F97721000935B5 /* StockWatch.app */ = {isa = PBXFileReference; explicitFileType = wrapper.application; includeInIndex = 0; path = StockWatch.app; sourceTree = BUILT_PRODUCTS_DIR; };
		E41B0C9A28F97721000935B5 /* AppDelegate.swift */ = {isa = PBXFileReference; lastKnownFileType = sourcecode.swift; path = AppDelegate.swift; sourceTree = "<group>"; };
		E41B0C9C28F97721000935B5 /* SceneDelegate.swift */ = {isa = PBXFileReference; lastKnownFileType = sourcecode.swift; path = SceneDelegate.swift; sourceTree = "<group>"; };
		E41B0C9E28F97721000935B5 /* ViewController.swift */ = {isa = PBXFileReference; lastKnownFileType = sourcecode.swift; path = ViewController.swift; sourceTree = "<group>"; };
		E41B0CA128F97721000935B5 /* Base */ = {isa = PBXFileReference; lastKnownFileType = file.storyboard; name = Base; path = Base.lproj/Main.storyboard; sourceTree = "<group>"; };
		E41B0CA328F97722000935B5 /* Assets.xcassets */ = {isa = PBXFileReference; lastKnownFileType = folder.assetcatalog; path = Assets.xcassets; sourceTree = "<group>"; };
		E41B0CA628F97722000935B5 /* Base */ = {isa = PBXFileReference; lastKnownFileType = file.storyboard; name = Base; path = Base.lproj/LaunchScreen.storyboard; sourceTree = "<group>"; };
		E41B0CA828F97722000935B5 /* Info.plist */ = {isa = PBXFileReference; lastKnownFileType = text.plist.xml; path = Info.plist; sourceTree = "<group>"; };
		E41B0CAD28F97722000935B5 /* StockWatchTests.xctest */ = {isa = PBXFileReference; explicitFileType = wrapper.cfbundle; includeInIndex = 0; path = StockWatchTests.xctest; sourceTree = BUILT_PRODUCTS_DIR; };
		E41B0CB128F97722000935B5 /* StockWatchTests.swift */ = {isa = PBXFileReference; lastKnownFileType = sourcecode.swift; path = StockWatchTests.swift; sourceTree = "<group>"; };
		E41B0CB728F97722000935B5 /* StockWatchUITests.xctest */ = {isa = PBXFileReference; explicitFileType = wrapper.cfbundle; includeInIndex = 0; path = StockWatchUITests.xctest; sourceTree = BUILT_PRODUCTS_DIR; };
		E41B0CBB28F97722000935B5 /* StockWatchUITests.swift */ = {isa = PBXFileReference; lastKnownFileType = sourcecode.swift; path = StockWatchUITests.swift; sourceTree = "<group>"; };
		E41B0CBD28F97722000935B5 /* StockWatchUITestsLaunchTests.swift */ = {isa = PBXFileReference; lastKnownFileType = sourcecode.swift; path = StockWatchUITestsLaunchTests.swift; sourceTree = "<group>"; };
/* End PBXFileReference section */

/* Begin PBXFrameworksBuildPhase section */
		E41B0C9428F97721000935B5 /* Frameworks */ = {
			isa = PBXFrameworksBuildPhase;
			buildActionMask = 2147483647;
			files = (
			);
			runOnlyForDeploymentPostprocessing = 0;
		};
		E41B0CAA28F97722000935B5 /* Frameworks */ = {
			isa = PBXFrameworksBuildPhase;
			buildActionMask = 2147483647;
			files = (
			);
			runOnlyForDeploymentPostprocessing = 0;
		};
		E41B0CB428F97722000935B5 /* Frameworks */ = {
			isa = PBXFrameworksBuildPhase;
			buildActionMask = 2147483647;
			files = (
			);
			runOnlyForDeploymentPostprocessing = 0;
		};
/* End PBXFrameworksBuildPhase section */

/* Begin PBXGroup section */
		E41B0C8E28F97721000935B5 = {
			isa = PBXGroup;
			children = (
				E41B0C9928F97721000935B5 /* StockWatch */,
				E41B0CB028F97722000935B5 /* StockWatchTests */,
				E41B0CBA28F97722000935B5 /* StockWatchUITests */,
				E41B0C9828F97721000935B5 /* Products */,
			);
			sourceTree = "<group>";
		};
		E41B0C9828F97721000935B5 /* Products */ = {
			isa = PBXGroup;
			children = (
				E41B0C9728F97721000935B5 /* StockWatch.app */,
				E41B0CAD28F97722000935B5 /* StockWatchTests.xctest */,
				E41B0CB728F97722000935B5 /* StockWatchUITests.xctest */,
			);
			name = Products;
			sourceTree = "<group>";
		};
		E41B0C9928F97721000935B5 /* StockWatch */ = {
			isa = PBXGroup;
			children = (
				E41B0C9A28F97721000935B5 /* AppDelegate.swift */,
				E41B0C9C28F97721000935B5 /* SceneDelegate.swift */,
				E41B0C9E28F97721000935B5 /* ViewController.swift */,
				E41B0CA028F97721000935B5 /* Main.storyboard */,
				E41B0CA328F97722000935B5 /* Assets.xcassets */,
				E41B0CA528F97722000935B5 /* LaunchScreen.storyboard */,
				E41B0CA828F97722000935B5 /* Info.plist */,
			);
			path = StockWatch;
			sourceTree = "<group>";
		};
		E41B0CB028F97722000935B5 /* StockWatchTests */ = {
			isa = PBXGroup;
			children = (
				E41B0CB128F97722000935B5 /* StockWatchTests.swift */,
			);
			path = StockWatchTests;
			sourceTree = "<group>";
		};
		E41B0CBA28F97722000935B5 /* StockWatchUITests */ = {
			isa = PBXGroup;
			children = (
				E41B0CBB28F97722000935B5 /* StockWatchUITests.swift */,
				E41B0CBD28F97722000935B5 /* StockWatchUITestsLaunchTests.swift */,
			);
			path = StockWatchUITests;
			sourceTree = "<group>";
		};
/* End PBXGroup section */

/* Begin PBXNativeTarget section */
		E41B0C9628F97721000935B5 /* StockWatch */ = {
			isa = PBXNativeTarget;
			buildConfigurationList = E41B0CC128F97722000935B5 /* Build configuration list for PBXNativeTarget "StockWatch" */;
			buildPhases = (
				E41B0C9328F97721000935B5 /* Sources */,
				E41B0C9428F97721000935B5 /* Frameworks */,
				E41B0C9528F97721000935B5 /* Resources */,
			);
			buildRules = (
			);
			dependencies = (
			);
			name = StockWatch;
			productName = StockWatch;
			productReference = E41B0C9728F97721000935B5 /* StockWatch.app */;
			productType = "com.apple.product-type.application";
		};
		E41B0CAC28F97722000935B5 /* StockWatchTests */ = {
			isa = PBXNativeTarget;
			buildConfigurationList = E41B0CC428F97722000935B5 /* Build configuration list for PBXNativeTarget "StockWatchTests" */;
			buildPhases = (
				E41B0CA928F97722000935B5 /* Sources */,
				E41B0CAA28F97722000935B5 /* Frameworks */,
				E41B0CAB28F97722000935B5 /* Resources */,
			);
			buildRules = (
			);
			dependencies = (
				E41B0CAF28F97722000935B5 /* PBXTargetDependency */,
			);
			name = StockWatchTests;
			productName = StockWatchTests;
			productReference = E41B0CAD28F97722000935B5 /* StockWatchTests.xctest */;
			productType = "com.apple.product-type.bundle.unit-test";
		};
		E41B0CB628F97722000935B5 /* StockWatchUITests */ = {
			isa = PBXNativeTarget;
			buildConfigurationList = E41B0CC728F97722000935B5 /* Build configuration list for PBXNativeTarget "StockWatchUITests" */;
			buildPhases = (
				E41B0CB328F97722000935B5 /* Sources */,
				E41B0CB428F97722000935B5 /* Frameworks */,
				E41B0CB528F97722000935B5 /* Resources */,
			);
			buildRules = (
			);
			dependencies = (
				E41B0CB928F97722000935B5 /* PBXTargetDependency */,
			);
			name = StockWatchUITests;
			productName = StockWatchUITests;
			productReference = E41B0CB728F97722000935B5 /* StockWatchUITests.xctest */;
			productType = "com.apple.product-type.bundle.ui-testing";
		};
/* End PBXNativeTarget section */

/* Begin PBXProject section */
		E41B0C8F28F97721000935B5 /* Project object */ = {
			isa = PBXProject;
			attributes = {
				BuildIndependentTargetsInParallel = 1;
				LastSwiftUpdateCheck = 1400;
				LastUpgradeCheck = 1400;
				TargetAttributes = {
					E41B0C9628F97721000935B5 = {
						CreatedOnToolsVersion = 14.0;
					};
					E41B0CAC28F97722000935B5 = {
						CreatedOnToolsVersion = 14.0;
						TestTargetID = E41B0C9628F97721000935B5;
					};
					E41B0CB628F97722000935B5 = {
						CreatedOnToolsVersion = 14.0;
						TestTargetID = E41B0C9628F97721000935B5;
					};
				};
			};
			buildConfigurationList = E41B0C9228F97721000935B5 /* Build configuration list for PBXProject "StockWatch" */;
			compatibilityVersion = "Xcode 14.0";
			developmentRegion = en;
			hasScannedForEncodings = 0;
			knownRegions = (
				en,
				Base,
			);
			mainGroup = E41B0C8E28F97721000935B5;
			productRefGroup = E41B0C9828F97721000935B5 /* Products */;
			projectDirPath = "";
			projectRoot = "";
			targets = (
				E41B0C9628F97721000935B5 /* StockWatch */,
				E41B0CAC28F97722000935B5 /* StockWatchTests */,
				E41B0CB628F97722000935B5 /* StockWatchUITests */,
			);
		};
/* End PBXProject section */

/* Begin PBXResourcesBuildPhase section */
		E41B0C9528F97721000935B5 /* Resources */ = {
			isa = PBXResourcesBuildPhase;
			buildActionMask = 2147483647;
			files = (
				E41B0CA728F97722000935B5 /* LaunchScreen.storyboard in Resources */,
				E41B0CA428F97722000935B5 /* Assets.xcassets in Resources */,
				E41B0CA228F97721000935B5 /* Main.storyboard in Resources */,
			);
			runOnlyForDeploymentPostprocessing = 0;
		};
		E41B0CAB28F97722000935B5 /* Resources */ = {
			isa = PBXResourcesBuildPhase;
			buildActionMask = 2147483647;
			files = (
			);
			runOnlyForDeploymentPostprocessing = 0;
		};
		E41B0CB528F97722000935B5 /* Resources */ = {
			isa = PBXResourcesBuildPhase;
			buildActionMask = 2147483647;
			files = (
			);
			runOnlyForDeploymentPostprocessing = 0;
		};
/* End PBXResourcesBuildPhase section */

/* Begin PBXSourcesBuildPhase section */
		E41B0C9328F97721000935B5 /* Sources */ = {
			isa = PBXSourcesBuildPhase;
			buildActionMask = 2147483647;
			files = (
				E41B0C9F28F97721000935B5 /* ViewController.swift in Sources */,
				E41B0C9B28F97721000935B5 /* AppDelegate.swift in Sources */,
				E41B0C9D28F97721000935B5 /* SceneDelegate.swift in Sources */,
			);
			runOnlyForDeploymentPostprocessing = 0;
		};
		E41B0CA928F97722000935B5 /* Sources */ = {
			isa = PBXSourcesBuildPhase;
			buildActionMask = 2147483647;
			files = (
				E41B0CB228F97722000935B5 /* StockWatchTests.swift in Sources */,
			);
			runOnlyForDeploymentPostprocessing = 0;
		};
		E41B0CB328F97722000935B5 /* Sources */ = {
			isa = PBXSourcesBuildPhase;
			buildActionMask = 2147483647;
			files = (
				E41B0CBC28F97722000935B5 /* StockWatchUITests.swift in Sources */,
				E41B0CBE28F97722000935B5 /* StockWatchUITestsLaunchTests.swift in Sources */,
			);
			runOnlyForDeploymentPostprocessing = 0;
		};
/* End PBXSourcesBuildPhase section */

/* Begin PBXTargetDependency section */
		E41B0CAF28F97722000935B5 /* PBXTargetDependency */ = {
			isa = PBXTargetDependency;
			target = E41B0C9628F97721000935B5 /* StockWatch */;
			targetProxy = E41B0CAE28F97722000935B5 /* PBXContainerItemProxy */;
		};
		E41B0CB928F97722000935B5 /* PBXTargetDependency */ = {
			isa = PBXTargetDependency;
			target = E41B0C9628F97721000935B5 /* StockWatch */;
			targetProxy = E41B0CB828F97722000935B5 /* PBXContainerItemProxy */;
		};
/* End PBXTargetDependency section */

/* Begin PBXVariantGroup section */
		E41B0CA028F97721000935B5 /* Main.storyboard */ = {
			isa = PBXVariantGroup;
			children = (
				E41B0CA128F97721000935B5 /* Base */,
			);
			name = Main.storyboard;
			sourceTree = "<group>";
		};
		E41B0CA528F97722000935B5 /* LaunchScreen.storyboard */ = {
			isa = PBXVariantGroup;
			children = (
				E41B0CA628F97722000935B5 /* Base */,
			);
			name = LaunchScreen.storyboard;
			sourceTree = "<group>";
		};
/* End PBXVariantGroup section */

/* Begin XCBuildConfiguration section */
		E41B0CBF28F97722000935B5 /* Debug */ = {
			isa = XCBuildConfiguration;
			buildSettings = {
				ALWAYS_SEARCH_USER_PATHS = NO;
				CLANG_ANALYZER_NONNULL = YES;
				CLANG_ANALYZER_NUMBER_OBJECT_CONVERSION = YES_AGGRESSIVE;
				CLANG_CXX_LANGUAGE_STANDARD = "gnu++20";
				CLANG_ENABLE_MODULES = YES;
				CLANG_ENABLE_OBJC_ARC = YES;
				CLANG_ENABLE_OBJC_WEAK = YES;
				CLANG_WARN_BLOCK_CAPTURE_AUTORELEASING = YES;
				CLANG_WARN_BOOL_CONVERSION = YES;
				CLANG_WARN_COMMA = YES;
				CLANG_WARN_CONSTANT_CONVERSION = YES;
				CLANG_WARN_DEPRECATED_OBJC_IMPLEMENTATIONS = YES;
				CLANG_WARN_DIRECT_OBJC_ISA_USAGE = YES_ERROR;
				CLANG_WARN_DOCUMENTATION_COMMENTS = YES;
				CLANG_WARN_EMPTY_BODY = YES;
				CLANG_WARN_ENUM_CONVERSION = YES;
				CLANG_WARN_INFINITE_RECURSION = YES;
				CLANG_WARN_INT_CONVERSION = YES;
				CLANG_WARN_NON_LITERAL_NULL_CONVERSION = YES;
				CLANG_WARN_OBJC_IMPLICIT_RETAIN_SELF = YES;
				CLANG_WARN_OBJC_LITERAL_CONVERSION = YES;
				CLANG_WARN_OBJC_ROOT_CLASS = YES_ERROR;
				CLANG_WARN_QUOTED_INCLUDE_IN_FRAMEWORK_HEADER = YES;
				CLANG_WARN_RANGE_LOOP_ANALYSIS = YES;
				CLANG_WARN_STRICT_PROTOTYPES = YES;
				CLANG_WARN_SUSPICIOUS_MOVE = YES;
				CLANG_WARN_UNGUARDED_AVAILABILITY = YES_AGGRESSIVE;
				CLANG_WARN_UNREACHABLE_CODE = YES;
				CLANG_WARN__DUPLICATE_METHOD_MATCH = YES;
				COPY_PHASE_STRIP = NO;
				DEBUG_INFORMATION_FORMAT = dwarf;
				ENABLE_STRICT_OBJC_MSGSEND = YES;
				ENABLE_TESTABILITY = YES;
				GCC_C_LANGUAGE_STANDARD = gnu11;
				GCC_DYNAMIC_NO_PIC = NO;
				GCC_NO_COMMON_BLOCKS = YES;
				GCC_OPTIMIZATION_LEVEL = 0;
				GCC_PREPROCESSOR_DEFINITIONS = (
					"DEBUG=1",
					"$(inherited)",
				);
				GCC_WARN_64_TO_32_BIT_CONVERSION = YES;
				GCC_WARN_ABOUT_RETURN_TYPE = YES_ERROR;
				GCC_WARN_UNDECLARED_SELECTOR = YES;
				GCC_WARN_UNINITIALIZED_AUTOS = YES_AGGRESSIVE;
				GCC_WARN_UNUSED_FUNCTION = YES;
				GCC_WARN_UNUSED_VARIABLE = YES;
				IPHONEOS_DEPLOYMENT_TARGET = 16.0;
				MTL_ENABLE_DEBUG_INFO = INCLUDE_SOURCE;
				MTL_FAST_MATH = YES;
				ONLY_ACTIVE_ARCH = YES;
				SDKROOT = iphoneos;
				SWIFT_ACTIVE_COMPILATION_CONDITIONS = DEBUG;
				SWIFT_OPTIMIZATION_LEVEL = "-Onone";
			};
			name = Debug;
		};
		E41B0CC028F97722000935B5 /* Release */ = {
			isa = XCBuildConfiguration;
			buildSettings = {
				ALWAYS_SEARCH_USER_PATHS = NO;
				CLANG_ANALYZER_NONNULL = YES;
				CLANG_ANALYZER_NUMBER_OBJECT_CONVERSION = YES_AGGRESSIVE;
				CLANG_CXX_LANGUAGE_STANDARD = "gnu++20";
				CLANG_ENABLE_MODULES = YES;
				CLANG_ENABLE_OBJC_ARC = YES;
				CLANG_ENABLE_OBJC_WEAK = YES;
				CLANG_WARN_BLOCK_CAPTURE_AUTORELEASING = YES;
				CLANG_WARN_BOOL_CONVERSION = YES;
				CLANG_WARN_COMMA = YES;
				CLANG_WARN_CONSTANT_CONVERSION = YES;
				CLANG_WARN_DEPRECATED_OBJC_IMPLEMENTATIONS = YES;
				CLANG_WARN_DIRECT_OBJC_ISA_USAGE = YES_ERROR;
				CLANG_WARN_DOCUMENTATION_COMMENTS = YES;
				CLANG_WARN_EMPTY_BODY = YES;
				CLANG_WARN_ENUM_CONVERSION = YES;
				CLANG_WARN_INFINITE_RECURSION = YES;
				CLANG_WARN_INT_CONVERSION = YES;
				CLANG_WARN_NON_LITERAL_NULL_CONVERSION = YES;
				CLANG_WARN_OBJC_IMPLICIT_RETAIN_SELF = YES;
				CLANG_WARN_OBJC_LITERAL_CONVERSION = YES;
				CLANG_WARN_OBJC_ROOT_CLASS = YES_ERROR;
				CLANG_WARN_QUOTED_INCLUDE_IN_FRAMEWORK_HEADER = YES;
				CLANG_WARN_RANGE_LOOP_ANALYSIS = YES;
				CLANG_WARN_STRICT_PROTOTYPES = YES;
				CLANG_WARN_SUSPICIOUS_MOVE = YES;
				CLANG_WARN_UNGUARDED_AVAILABILITY = YES_AGGRESSIVE;
				CLANG_WARN_UNREACHABLE_CODE = YES;
				CLANG_WARN__DUPLICATE_METHOD_MATCH = YES;
				COPY_PHASE_STRIP = NO;
				DEBUG_INFORMATION_FORMAT = "dwarf-with-dsym";
				ENABLE_NS_ASSERTIONS = NO;
				ENABLE_STRICT_OBJC_MSGSEND = YES;
				GCC_C_LANGUAGE_STANDARD = gnu11;
				GCC_NO_COMMON_BLOCKS = YES;
				GCC_WARN_64_TO_32_BIT_CONVERSION = YES;
				GCC_WARN_ABOUT_RETURN_TYPE = YES_ERROR;
				GCC_WARN_UNDECLARED_SELECTOR = YES;
				GCC_WARN_UNINITIALIZED_AUTOS = YES_AGGRESSIVE;
				GCC_WARN_UNUSED_FUNCTION = YES;
				GCC_WARN_UNUSED_VARIABLE = YES;
				IPHONEOS_DEPLOYMENT_TARGET = 16.0;
				MTL_ENABLE_DEBUG_INFO = NO;
				MTL_FAST_MATH = YES;
				SDKROOT = iphoneos;
				SWIFT_COMPILATION_MODE = wholemodule;
				SWIFT_OPTIMIZATION_LEVEL = "-O";
				VALIDATE_PRODUCT = YES;
			};
			name = Release;
		};
		E41B0CC228F97722000935B5 /* Debug */ = {
			isa = XCBuildConfiguration;
			buildSettings = {
				ASSETCATALOG_COMPILER_APPICON_NAME = AppIcon;
				ASSETCATALOG_COMPILER_GLOBAL_ACCENT_COLOR_NAME = AccentColor;
				CODE_SIGN_STYLE = Automatic;
				CURRENT_PROJECT_VERSION = 1;
				GENERATE_INFOPLIST_FILE = YES;
				INFOPLIST_FILE = StockWatch/Info.plist;
				INFOPLIST_KEY_UIApplicationSupportsIndirectInputEvents = YES;
				INFOPLIST_KEY_UILaunchStoryboardName = LaunchScreen;
				INFOPLIST_KEY_UIMainStoryboardFile = Main;
				INFOPLIST_KEY_UISupportedInterfaceOrientations_iPad = "UIInterfaceOrientationPortrait UIInterfaceOrientationPortraitUpsideDown UIInterfaceOrientationLandscapeLeft UIInterfaceOrientationLandscapeRight";
				INFOPLIST_KEY_UISupportedInterfaceOrientations_iPhone = "UIInterfaceOrientationPortrait UIInterfaceOrientationLandscapeLeft UIInterfaceOrientationLandscapeRight";
				LD_RUNPATH_SEARCH_PATHS = (
					"$(inherited)",
					"@executable_path/Frameworks",
				);
				MARKETING_VERSION = 1.0;
				PRODUCT_BUNDLE_IDENTIFIER = com.degamo.markanthony.StockWatch;
				PRODUCT_NAME = "$(TARGET_NAME)";
				SWIFT_EMIT_LOC_STRINGS = YES;
				SWIFT_VERSION = 5.0;
				TARGETED_DEVICE_FAMILY = "1,2";
			};
			name = Debug;
		};
		E41B0CC328F97722000935B5 /* Release */ = {
			isa = XCBuildConfiguration;
			buildSettings = {
				ASSETCATALOG_COMPILER_APPICON_NAME = AppIcon;
				ASSETCATALOG_COMPILER_GLOBAL_ACCENT_COLOR_NAME = AccentColor;
				CODE_SIGN_STYLE = Automatic;
				CURRENT_PROJECT_VERSION = 1;
				GENERATE_INFOPLIST_FILE = YES;
				INFOPLIST_FILE = StockWatch/Info.plist;
				INFOPLIST_KEY_UIApplicationSupportsIndirectInputEvents = YES;
				INFOPLIST_KEY_UILaunchStoryboardName = LaunchScreen;
				INFOPLIST_KEY_UIMainStoryboardFile = Main;
				INFOPLIST_KEY_UISupportedInterfaceOrientations_iPad = "UIInterfaceOrientationPortrait UIInterfaceOrientationPortraitUpsideDown UIInterfaceOrientationLandscapeLeft UIInterfaceOrientationLandscapeRight";
				INFOPLIST_KEY_UISupportedInterfaceOrientations_iPhone = "UIInterfaceOrientationPortrait UIInterfaceOrientationLandscapeLeft UIInterfaceOrientationLandscapeRight";
				LD_RUNPATH_SEARCH_PATHS = (
					"$(inherited)",
					"@executable_path/Frameworks",
				);
				MARKETING_VERSION = 1.0;
				PRODUCT_BUNDLE_IDENTIFIER = com.degamo.markanthony.StockWatch;
				PRODUCT_NAME = "$(TARGET_NAME)";
				SWIFT_EMIT_LOC_STRINGS = YES;
				SWIFT_VERSION = 5.0;
				TARGETED_DEVICE_FAMILY = "1,2";
			};
			name = Release;
		};
		E41B0CC528F97722000935B5 /* Debug */ = {
			isa = XCBuildConfiguration;
			buildSettings = {
				ALWAYS_EMBED_SWIFT_STANDARD_LIBRARIES = YES;
				BUNDLE_LOADER = "$(TEST_HOST)";
				CODE_SIGN_STYLE = Automatic;
				CURRENT_PROJECT_VERSION = 1;
				GENERATE_INFOPLIST_FILE = YES;
				IPHONEOS_DEPLOYMENT_TARGET = 16.0;
				MARKETING_VERSION = 1.0;
				PRODUCT_BUNDLE_IDENTIFIER = com.degamo.markanthony.StockWatchTests;
				PRODUCT_NAME = "$(TARGET_NAME)";
				SWIFT_EMIT_LOC_STRINGS = NO;
				SWIFT_VERSION = 5.0;
				TARGETED_DEVICE_FAMILY = "1,2";
				TEST_HOST = "$(BUILT_PRODUCTS_DIR)/StockWatch.app/$(BUNDLE_EXECUTABLE_FOLDER_PATH)/StockWatch";
			};
			name = Debug;
		};
		E41B0CC628F97722000935B5 /* Release */ = {
			isa = XCBuildConfiguration;
			buildSettings = {
				ALWAYS_EMBED_SWIFT_STANDARD_LIBRARIES = YES;
				BUNDLE_LOADER = "$(TEST_HOST)";
				CODE_SIGN_STYLE = Automatic;
				CURRENT_PROJECT_VERSION = 1;
				GENERATE_INFOPLIST_FILE = YES;
				IPHONEOS_DEPLOYMENT_TARGET = 16.0;
				MARKETING_VERSION = 1.0;
				PRODUCT_BUNDLE_IDENTIFIER = com.degamo.markanthony.StockWatchTests;
				PRODUCT_NAME = "$(TARGET_NAME)";
				SWIFT_EMIT_LOC_STRINGS = NO;
				SWIFT_VERSION = 5.0;
				TARGETED_DEVICE_FAMILY = "1,2";
				TEST_HOST = "$(BUILT_PRODUCTS_DIR)/StockWatch.app/$(BUNDLE_EXECUTABLE_FOLDER_PATH)/StockWatch";
			};
			name = Release;
		};
		E41B0CC828F97722000935B5 /* Debug */ = {
			isa = XCBuildConfiguration;
			buildSettings = {
				ALWAYS_EMBED_SWIFT_STANDARD_LIBRARIES = YES;
				CODE_SIGN_STYLE = Automatic;
				CURRENT_PROJECT_VERSION = 1;
				GENERATE_INFOPLIST_FILE = YES;
				MARKETING_VERSION = 1.0;
				PRODUCT_BUNDLE_IDENTIFIER = com.degamo.markanthony.StockWatchUITests;
				PRODUCT_NAME = "$(TARGET_NAME)";
				SWIFT_EMIT_LOC_STRINGS = NO;
				SWIFT_VERSION = 5.0;
				TARGETED_DEVICE_FAMILY = "1,2";
				TEST_TARGET_NAME = StockWatch;
			};
			name = Debug;
		};
		E41B0CC928F97722000935B5 /* Release */ = {
			isa = XCBuildConfiguration;
			buildSettings = {
				ALWAYS_EMBED_SWIFT_STANDARD_LIBRARIES = YES;
				CODE_SIGN_STYLE = Automatic;
				CURRENT_PROJECT_VERSION = 1;
				GENERATE_INFOPLIST_FILE = YES;
				MARKETING_VERSION = 1.0;
				PRODUCT_BUNDLE_IDENTIFIER = com.degamo.markanthony.StockWatchUITests;
				PRODUCT_NAME = "$(TARGET_NAME)";
				SWIFT_EMIT_LOC_STRINGS = NO;
				SWIFT_VERSION = 5.0;
				TARGETED_DEVICE_FAMILY = "1,2";
				TEST_TARGET_NAME = StockWatch;
			};
			name = Release;
		};
/* End XCBuildConfiguration section */

/* Begin XCConfigurationList section */
		E41B0C9228F97721000935B5 /* Build configuration list for PBXProject "StockWatch" */ = {
			isa = XCConfigurationList;
			buildConfigurations = (
				E41B0CBF28F97722000935B5 /* Debug */,
				E41B0CC028F97722000935B5 /* Release */,
			);
			defaultConfigurationIsVisible = 0;
			defaultConfigurationName = Release;
		};
		E41B0CC128F97722000935B5 /* Build configuration list for PBXNativeTarget "StockWatch" */ = {
			isa = XCConfigurationList;
			buildConfigurations = (
				E41B0CC228F97722000935B5 /* Debug */,
				E41B0CC328F97722000935B5 /* Release */,
			);
			defaultConfigurationIsVisible = 0;
			defaultConfigurationName = Release;
		};
		E41B0CC428F97722000935B5 /* Build configuration list for PBXNativeTarget "StockWatchTests" */ = {
			isa = XCConfigurationList;
			buildConfigurations = (
				E41B0CC528F97722000935B5 /* Debug */,
				E41B0CC628F97722000935B5 /* Release */,
			);
			defaultConfigurationIsVisible = 0;
			defaultConfigurationName = Release;
		};
		E41B0CC728F97722000935B5 /* Build configuration list for PBXNativeTarget "StockWatchUITests" */ = {
			isa = XCConfigurationList;
			buildConfigurations = (
				E41B0CC828F97722000935B5 /* Debug */,
				E41B0CC928F97722000935B5 /* Release */,
			);
			defaultConfigurationIsVisible = 0;
			defaultConfigurationName = Release;
		};
/* End XCConfigurationList section */
	};
	rootObject = E41B0C8F28F97721000935B5 /* Project object */;
}
